// !$*UTF8*$!
{
	archiveVersion = 1;
	classes = {
	};
	objectVersion = 55;
	objects = {

/* Begin PBXBuildFile section */
		25787CB629471C82002BA871 /* AssetCatalogWrapper in Frameworks */ = {isa = PBXBuildFile; productRef = 25787CB529471C82002BA871 /* AssetCatalogWrapper */; };
		CE3C4497294E742F00E28A2D /* BackupManager.swift in Sources */ = {isa = PBXBuildFile; fileRef = CE3C4481294E742D00E28A2D /* BackupManager.swift */; };
		CE3C4498294E742F00E28A2D /* SortingManager.swift in Sources */ = {isa = PBXBuildFile; fileRef = CE3C4482294E742D00E28A2D /* SortingManager.swift */; };
		CE3C4499294E742F00E28A2D /* SpringBoardItem.swift in Sources */ = {isa = PBXBuildFile; fileRef = CE3C4483294E742D00E28A2D /* SpringBoardItem.swift */; };
		CE3C449A294E742F00E28A2D /* GeneralUtils.swift in Sources */ = {isa = PBXBuildFile; fileRef = CE3C4484294E742D00E28A2D /* GeneralUtils.swift */; };
		CE3C449B294E742F00E28A2D /* MultiSelectPickerView.swift in Sources */ = {isa = PBXBuildFile; fileRef = CE3C4485294E742D00E28A2D /* MultiSelectPickerView.swift */; };
		CE3C449C294E742F00E28A2D /* IconStateValidate.swift in Sources */ = {isa = PBXBuildFile; fileRef = CE3C4486294E742D00E28A2D /* IconStateValidate.swift */; };
		CE3C449D294E742F00E28A2D /* AppabeticalApp.swift in Sources */ = {isa = PBXBuildFile; fileRef = CE3C4487294E742E00E28A2D /* AppabeticalApp.swift */; };
		CE3C449E294E742F00E28A2D /* UIImage+UIImageAverageColorAddition.m in Sources */ = {isa = PBXBuildFile; fileRef = CE3C4488294E742E00E28A2D /* UIImage+UIImageAverageColorAddition.m */; };
		CE3C449F294E742F00E28A2D /* ComparatorUtils.swift in Sources */ = {isa = PBXBuildFile; fileRef = CE3C4489294E742E00E28A2D /* ComparatorUtils.swift */; };
		CE3C44A0294E742F00E28A2D /* BackupUtils.swift in Sources */ = {isa = PBXBuildFile; fileRef = CE3C448A294E742E00E28A2D /* BackupUtils.swift */; };
		CE3C44A1294E742F00E28A2D /* ContentView.swift in Sources */ = {isa = PBXBuildFile; fileRef = CE3C448B294E742E00E28A2D /* ContentView.swift */; };
		CE3C44A2294E742F00E28A2D /* Enums.swift in Sources */ = {isa = PBXBuildFile; fileRef = CE3C448C294E742E00E28A2D /* Enums.swift */; };
		CE3C44A3294E742F00E28A2D /* Color++.swift in Sources */ = {isa = PBXBuildFile; fileRef = CE3C448E294E742E00E28A2D /* Color++.swift */; };
		CE3C44A4294E742F00E28A2D /* Respring.swift in Sources */ = {isa = PBXBuildFile; fileRef = CE3C448F294E742E00E28A2D /* Respring.swift */; };
		CE3C44A5294E742F00E28A2D /* Alert++.swift in Sources */ = {isa = PBXBuildFile; fileRef = CE3C4490294E742E00E28A2D /* Alert++.swift */; };
		CE3C44A6294E742F00E28A2D /* String.swift in Sources */ = {isa = PBXBuildFile; fileRef = CE3C4491294E742E00E28A2D /* String.swift */; };
		CE3C44A7294E742F00E28A2D /* AppUtils.swift in Sources */ = {isa = PBXBuildFile; fileRef = CE3C4492294E742F00E28A2D /* AppUtils.swift */; };
		CE3C44A8294E742F00E28A2D /* SpringBoardAppUtils.swift in Sources */ = {isa = PBXBuildFile; fileRef = CE3C4494294E742F00E28A2D /* SpringBoardAppUtils.swift */; };
		CE3C44A9294E742F00E28A2D /* Preview Assets.xcassets in Resources */ = {isa = PBXBuildFile; fileRef = CE3C4496294E742F00E28A2D /* Preview Assets.xcassets */; };
		CE3C44AD294E74F700E28A2D /* Assets.xcassets in Resources */ = {isa = PBXBuildFile; fileRef = CE3C44AC294E74F700E28A2D /* Assets.xcassets */; };
/* End PBXBuildFile section */

/* Begin PBXFileReference section */
		25A3C7BD293D66430061A435 /* Appabetical.app */ = {isa = PBXFileReference; explicitFileType = wrapper.application; includeInIndex = 0; path = Appabetical.app; sourceTree = BUILT_PRODUCTS_DIR; };
		CE3C447F294E742D00E28A2D /* UIImage+UIImageAverageColorAddition.h */ = {isa = PBXFileReference; fileEncoding = 4; lastKnownFileType = sourcecode.c.h; path = "UIImage+UIImageAverageColorAddition.h"; sourceTree = "<group>"; };
		CE3C4481294E742D00E28A2D /* BackupManager.swift */ = {isa = PBXFileReference; fileEncoding = 4; lastKnownFileType = sourcecode.swift; path = BackupManager.swift; sourceTree = "<group>"; };
		CE3C4482294E742D00E28A2D /* SortingManager.swift */ = {isa = PBXFileReference; fileEncoding = 4; lastKnownFileType = sourcecode.swift; path = SortingManager.swift; sourceTree = "<group>"; };
		CE3C4483294E742D00E28A2D /* SpringBoardItem.swift */ = {isa = PBXFileReference; fileEncoding = 4; lastKnownFileType = sourcecode.swift; path = SpringBoardItem.swift; sourceTree = "<group>"; };
		CE3C4484294E742D00E28A2D /* GeneralUtils.swift */ = {isa = PBXFileReference; fileEncoding = 4; lastKnownFileType = sourcecode.swift; path = GeneralUtils.swift; sourceTree = "<group>"; };
		CE3C4485294E742D00E28A2D /* MultiSelectPickerView.swift */ = {isa = PBXFileReference; fileEncoding = 4; lastKnownFileType = sourcecode.swift; path = MultiSelectPickerView.swift; sourceTree = "<group>"; };
		CE3C4486294E742D00E28A2D /* IconStateValidate.swift */ = {isa = PBXFileReference; fileEncoding = 4; lastKnownFileType = sourcecode.swift; path = IconStateValidate.swift; sourceTree = "<group>"; };
		CE3C4487294E742E00E28A2D /* AppabeticalApp.swift */ = {isa = PBXFileReference; fileEncoding = 4; lastKnownFileType = sourcecode.swift; path = AppabeticalApp.swift; sourceTree = "<group>"; };
		CE3C4488294E742E00E28A2D /* UIImage+UIImageAverageColorAddition.m */ = {isa = PBXFileReference; fileEncoding = 4; lastKnownFileType = sourcecode.c.objc; path = "UIImage+UIImageAverageColorAddition.m"; sourceTree = "<group>"; };
		CE3C4489294E742E00E28A2D /* ComparatorUtils.swift */ = {isa = PBXFileReference; fileEncoding = 4; lastKnownFileType = sourcecode.swift; path = ComparatorUtils.swift; sourceTree = "<group>"; };
		CE3C448A294E742E00E28A2D /* BackupUtils.swift */ = {isa = PBXFileReference; fileEncoding = 4; lastKnownFileType = sourcecode.swift; path = BackupUtils.swift; sourceTree = "<group>"; };
		CE3C448B294E742E00E28A2D /* ContentView.swift */ = {isa = PBXFileReference; fileEncoding = 4; lastKnownFileType = sourcecode.swift; path = ContentView.swift; sourceTree = "<group>"; };
		CE3C448C294E742E00E28A2D /* Enums.swift */ = {isa = PBXFileReference; fileEncoding = 4; lastKnownFileType = sourcecode.swift; path = Enums.swift; sourceTree = "<group>"; };
		CE3C448E294E742E00E28A2D /* Color++.swift */ = {isa = PBXFileReference; fileEncoding = 4; lastKnownFileType = sourcecode.swift; path = "Color++.swift"; sourceTree = "<group>"; };
		CE3C448F294E742E00E28A2D /* Respring.swift */ = {isa = PBXFileReference; fileEncoding = 4; lastKnownFileType = sourcecode.swift; path = Respring.swift; sourceTree = "<group>"; };
		CE3C4490294E742E00E28A2D /* Alert++.swift */ = {isa = PBXFileReference; fileEncoding = 4; lastKnownFileType = sourcecode.swift; path = "Alert++.swift"; sourceTree = "<group>"; };
		CE3C4491294E742E00E28A2D /* String.swift */ = {isa = PBXFileReference; fileEncoding = 4; lastKnownFileType = sourcecode.swift; path = String.swift; sourceTree = "<group>"; };
		CE3C4492294E742F00E28A2D /* AppUtils.swift */ = {isa = PBXFileReference; fileEncoding = 4; lastKnownFileType = sourcecode.swift; path = AppUtils.swift; sourceTree = "<group>"; };
		CE3C4493294E742F00E28A2D /* Appabetical-Bridging-Header.h */ = {isa = PBXFileReference; fileEncoding = 4; lastKnownFileType = sourcecode.c.h; path = "Appabetical-Bridging-Header.h"; sourceTree = "<group>"; };
		CE3C4494294E742F00E28A2D /* SpringBoardAppUtils.swift */ = {isa = PBXFileReference; fileEncoding = 4; lastKnownFileType = sourcecode.swift; path = SpringBoardAppUtils.swift; sourceTree = "<group>"; };
		CE3C4496294E742F00E28A2D /* Preview Assets.xcassets */ = {isa = PBXFileReference; lastKnownFileType = folder.assetcatalog; path = "Preview Assets.xcassets"; sourceTree = "<group>"; };
		CE3C44AC294E74F700E28A2D /* Assets.xcassets */ = {isa = PBXFileReference; lastKnownFileType = folder.assetcatalog; path = Assets.xcassets; sourceTree = "<group>"; };
/* End PBXFileReference section */

/* Begin PBXFrameworksBuildPhase section */
		25A3C7BA293D66430061A435 /* Frameworks */ = {
			isa = PBXFrameworksBuildPhase;
			buildActionMask = 2147483647;
			files = (
				25787CB629471C82002BA871 /* AssetCatalogWrapper in Frameworks */,
			);
			runOnlyForDeploymentPostprocessing = 0;
		};
/* End PBXFrameworksBuildPhase section */

/* Begin PBXGroup section */
		25A3C7B4293D66430061A435 = {
			isa = PBXGroup;
			children = (
				25A3C7BF293D66430061A435 /* Appabetical */,
				25A3C7BE293D66430061A435 /* Products */,
			);
			sourceTree = "<group>";
		};
		25A3C7BE293D66430061A435 /* Products */ = {
			isa = PBXGroup;
			children = (
				25A3C7BD293D66430061A435 /* Appabetical.app */,
			);
			name = Products;
			sourceTree = "<group>";
		};
		25A3C7BF293D66430061A435 /* Appabetical */ = {
			isa = PBXGroup;
			children = (
				CE3C44AC294E74F700E28A2D /* Assets.xcassets */,
				CE3C4493294E742F00E28A2D /* Appabetical-Bridging-Header.h */,
				CE3C4487294E742E00E28A2D /* AppabeticalApp.swift */,
				CE3C4492294E742F00E28A2D /* AppUtils.swift */,
				CE3C448A294E742E00E28A2D /* BackupUtils.swift */,
				CE3C4480294E742D00E28A2D /* Classes */,
				CE3C4489294E742E00E28A2D /* ComparatorUtils.swift */,
				CE3C448B294E742E00E28A2D /* ContentView.swift */,
				CE3C448C294E742E00E28A2D /* Enums.swift */,
				CE3C448D294E742E00E28A2D /* Extensions */,
				CE3C4484294E742D00E28A2D /* GeneralUtils.swift */,
				CE3C4486294E742D00E28A2D /* IconStateValidate.swift */,
				CE3C4485294E742D00E28A2D /* MultiSelectPickerView.swift */,
				CE3C4495294E742F00E28A2D /* Preview Content */,
				CE3C4494294E742F00E28A2D /* SpringBoardAppUtils.swift */,
				CE3C447F294E742D00E28A2D /* UIImage+UIImageAverageColorAddition.h */,
				CE3C4488294E742E00E28A2D /* UIImage+UIImageAverageColorAddition.m */,
			);
			path = Appabetical;
			sourceTree = "<group>";
		};
		CE3C4480294E742D00E28A2D /* Classes */ = {
			isa = PBXGroup;
			children = (
				CE3C4481294E742D00E28A2D /* BackupManager.swift */,
				CE3C4482294E742D00E28A2D /* SortingManager.swift */,
				CE3C4483294E742D00E28A2D /* SpringBoardItem.swift */,
			);
			path = Classes;
			sourceTree = "<group>";
		};
		CE3C448D294E742E00E28A2D /* Extensions */ = {
			isa = PBXGroup;
			children = (
				CE3C448E294E742E00E28A2D /* Color++.swift */,
				CE3C448F294E742E00E28A2D /* Respring.swift */,
				CE3C4490294E742E00E28A2D /* Alert++.swift */,
				CE3C4491294E742E00E28A2D /* String.swift */,
			);
			path = Extensions;
			sourceTree = "<group>";
		};
		CE3C4495294E742F00E28A2D /* Preview Content */ = {
			isa = PBXGroup;
			children = (
				CE3C4496294E742F00E28A2D /* Preview Assets.xcassets */,
			);
			path = "Preview Content";
			sourceTree = "<group>";
		};
/* End PBXGroup section */

/* Begin PBXNativeTarget section */
		25A3C7BC293D66430061A435 /* Appabetical */ = {
			isa = PBXNativeTarget;
			buildConfigurationList = 25A3C7CB293D66440061A435 /* Build configuration list for PBXNativeTarget "Appabetical" */;
			buildPhases = (
				25A3C7B9293D66430061A435 /* Sources */,
				25A3C7BA293D66430061A435 /* Frameworks */,
				25A3C7BB293D66430061A435 /* Resources */,
			);
			buildRules = (
			);
			dependencies = (
			);
			name = Appabetical;
			packageProductDependencies = (
				25787CB529471C82002BA871 /* AssetCatalogWrapper */,
			);
			productName = Appabetical;
			productReference = 25A3C7BD293D66430061A435 /* Appabetical.app */;
			productType = "com.apple.product-type.application";
		};
/* End PBXNativeTarget section */

/* Begin PBXProject section */
		25A3C7B5293D66430061A435 /* Project object */ = {
			isa = PBXProject;
			attributes = {
				BuildIndependentTargetsInParallel = 1;
				LastSwiftUpdateCheck = 1320;
				LastUpgradeCheck = 1320;
				TargetAttributes = {
					25A3C7BC293D66430061A435 = {
						CreatedOnToolsVersion = 13.2.1;
						LastSwiftMigration = 1320;
					};
				};
			};
			buildConfigurationList = 25A3C7B8293D66430061A435 /* Build configuration list for PBXProject "Appabetical" */;
			compatibilityVersion = "Xcode 13.0";
			developmentRegion = en;
			hasScannedForEncodings = 0;
			knownRegions = (
				en,
				Base,
			);
			mainGroup = 25A3C7B4293D66430061A435;
			packageReferences = (
				25787CB429471C82002BA871 /* XCRemoteSwiftPackageReference "SantanderWrappers" */,
			);
			productRefGroup = 25A3C7BE293D66430061A435 /* Products */;
			projectDirPath = "";
			projectRoot = "";
			targets = (
				25A3C7BC293D66430061A435 /* Appabetical */,
			);
		};
/* End PBXProject section */

/* Begin PBXResourcesBuildPhase section */
		25A3C7BB293D66430061A435 /* Resources */ = {
			isa = PBXResourcesBuildPhase;
			buildActionMask = 2147483647;
			files = (
				CE3C44AD294E74F700E28A2D /* Assets.xcassets in Resources */,
				CE3C44A9294E742F00E28A2D /* Preview Assets.xcassets in Resources */,
			);
			runOnlyForDeploymentPostprocessing = 0;
		};
/* End PBXResourcesBuildPhase section */

/* Begin PBXSourcesBuildPhase section */
		25A3C7B9293D66430061A435 /* Sources */ = {
			isa = PBXSourcesBuildPhase;
			buildActionMask = 2147483647;
			files = (
				CE3C449C294E742F00E28A2D /* IconStateValidate.swift in Sources */,
				CE3C44A8294E742F00E28A2D /* SpringBoardAppUtils.swift in Sources */,
				CE3C44A1294E742F00E28A2D /* ContentView.swift in Sources */,
				CE3C449A294E742F00E28A2D /* GeneralUtils.swift in Sources */,
				CE3C44A4294E742F00E28A2D /* Respring.swift in Sources */,
				CE3C449D294E742F00E28A2D /* AppabeticalApp.swift in Sources */,
				CE3C449E294E742F00E28A2D /* UIImage+UIImageAverageColorAddition.m in Sources */,
				CE3C44A7294E742F00E28A2D /* AppUtils.swift in Sources */,
				CE3C44A3294E742F00E28A2D /* Color++.swift in Sources */,
				CE3C449B294E742F00E28A2D /* MultiSelectPickerView.swift in Sources */,
				CE3C44A0294E742F00E28A2D /* BackupUtils.swift in Sources */,
				CE3C449F294E742F00E28A2D /* ComparatorUtils.swift in Sources */,
				CE3C44A5294E742F00E28A2D /* Alert++.swift in Sources */,
				CE3C4499294E742F00E28A2D /* SpringBoardItem.swift in Sources */,
				CE3C4498294E742F00E28A2D /* SortingManager.swift in Sources */,
				CE3C44A2294E742F00E28A2D /* Enums.swift in Sources */,
				CE3C44A6294E742F00E28A2D /* String.swift in Sources */,
				CE3C4497294E742F00E28A2D /* BackupManager.swift in Sources */,
			);
			runOnlyForDeploymentPostprocessing = 0;
		};
/* End PBXSourcesBuildPhase section */

/* Begin XCBuildConfiguration section */
		25A3C7C9293D66440061A435 /* Debug */ = {
			isa = XCBuildConfiguration;
			buildSettings = {
				ALWAYS_SEARCH_USER_PATHS = NO;
				CLANG_ANALYZER_NONNULL = YES;
				CLANG_ANALYZER_NUMBER_OBJECT_CONVERSION = YES_AGGRESSIVE;
				CLANG_CXX_LANGUAGE_STANDARD = "gnu++17";
				CLANG_CXX_LIBRARY = "libc++";
				CLANG_ENABLE_MODULES = YES;
				CLANG_ENABLE_OBJC_ARC = YES;
				CLANG_ENABLE_OBJC_WEAK = YES;
				CLANG_WARN_BLOCK_CAPTURE_AUTORELEASING = YES;
				CLANG_WARN_BOOL_CONVERSION = YES;
				CLANG_WARN_COMMA = YES;
				CLANG_WARN_CONSTANT_CONVERSION = YES;
				CLANG_WARN_DEPRECATED_OBJC_IMPLEMENTATIONS = YES;
				CLANG_WARN_DIRECT_OBJC_ISA_USAGE = YES_ERROR;
				CLANG_WARN_DOCUMENTATION_COMMENTS = YES;
				CLANG_WARN_EMPTY_BODY = YES;
				CLANG_WARN_ENUM_CONVERSION = YES;
				CLANG_WARN_INFINITE_RECURSION = YES;
				CLANG_WARN_INT_CONVERSION = YES;
				CLANG_WARN_NON_LITERAL_NULL_CONVERSION = YES;
				CLANG_WARN_OBJC_IMPLICIT_RETAIN_SELF = YES;
				CLANG_WARN_OBJC_LITERAL_CONVERSION = YES;
				CLANG_WARN_OBJC_ROOT_CLASS = YES_ERROR;
				CLANG_WARN_QUOTED_INCLUDE_IN_FRAMEWORK_HEADER = YES;
				CLANG_WARN_RANGE_LOOP_ANALYSIS = YES;
				CLANG_WARN_STRICT_PROTOTYPES = YES;
				CLANG_WARN_SUSPICIOUS_MOVE = YES;
				CLANG_WARN_UNGUARDED_AVAILABILITY = YES_AGGRESSIVE;
				CLANG_WARN_UNREACHABLE_CODE = YES;
				CLANG_WARN__DUPLICATE_METHOD_MATCH = YES;
				COPY_PHASE_STRIP = NO;
				DEBUG_INFORMATION_FORMAT = dwarf;
				ENABLE_STRICT_OBJC_MSGSEND = YES;
				ENABLE_TESTABILITY = YES;
				GCC_C_LANGUAGE_STANDARD = gnu11;
				GCC_DYNAMIC_NO_PIC = NO;
				GCC_NO_COMMON_BLOCKS = YES;
				GCC_OPTIMIZATION_LEVEL = 0;
				GCC_PREPROCESSOR_DEFINITIONS = (
					"DEBUG=1",
					"$(inherited)",
				);
				GCC_WARN_64_TO_32_BIT_CONVERSION = YES;
				GCC_WARN_ABOUT_RETURN_TYPE = YES_ERROR;
				GCC_WARN_UNDECLARED_SELECTOR = YES;
				GCC_WARN_UNINITIALIZED_AUTOS = YES_AGGRESSIVE;
				GCC_WARN_UNUSED_FUNCTION = YES;
				GCC_WARN_UNUSED_VARIABLE = YES;
				IPHONEOS_DEPLOYMENT_TARGET = 15.2;
				MTL_ENABLE_DEBUG_INFO = INCLUDE_SOURCE;
				MTL_FAST_MATH = YES;
				ONLY_ACTIVE_ARCH = YES;
				SDKROOT = iphoneos;
				SWIFT_ACTIVE_COMPILATION_CONDITIONS = DEBUG;
				SWIFT_OPTIMIZATION_LEVEL = "-Onone";
			};
			name = Debug;
		};
		25A3C7CA293D66440061A435 /* Release */ = {
			isa = XCBuildConfiguration;
			buildSettings = {
				ALWAYS_SEARCH_USER_PATHS = NO;
				CLANG_ANALYZER_NONNULL = YES;
				CLANG_ANALYZER_NUMBER_OBJECT_CONVERSION = YES_AGGRESSIVE;
				CLANG_CXX_LANGUAGE_STANDARD = "gnu++17";
				CLANG_CXX_LIBRARY = "libc++";
				CLANG_ENABLE_MODULES = YES;
				CLANG_ENABLE_OBJC_ARC = YES;
				CLANG_ENABLE_OBJC_WEAK = YES;
				CLANG_WARN_BLOCK_CAPTURE_AUTORELEASING = YES;
				CLANG_WARN_BOOL_CONVERSION = YES;
				CLANG_WARN_COMMA = YES;
				CLANG_WARN_CONSTANT_CONVERSION = YES;
				CLANG_WARN_DEPRECATED_OBJC_IMPLEMENTATIONS = YES;
				CLANG_WARN_DIRECT_OBJC_ISA_USAGE = YES_ERROR;
				CLANG_WARN_DOCUMENTATION_COMMENTS = YES;
				CLANG_WARN_EMPTY_BODY = YES;
				CLANG_WARN_ENUM_CONVERSION = YES;
				CLANG_WARN_INFINITE_RECURSION = YES;
				CLANG_WARN_INT_CONVERSION = YES;
				CLANG_WARN_NON_LITERAL_NULL_CONVERSION = YES;
				CLANG_WARN_OBJC_IMPLICIT_RETAIN_SELF = YES;
				CLANG_WARN_OBJC_LITERAL_CONVERSION = YES;
				CLANG_WARN_OBJC_ROOT_CLASS = YES_ERROR;
				CLANG_WARN_QUOTED_INCLUDE_IN_FRAMEWORK_HEADER = YES;
				CLANG_WARN_RANGE_LOOP_ANALYSIS = YES;
				CLANG_WARN_STRICT_PROTOTYPES = YES;
				CLANG_WARN_SUSPICIOUS_MOVE = YES;
				CLANG_WARN_UNGUARDED_AVAILABILITY = YES_AGGRESSIVE;
				CLANG_WARN_UNREACHABLE_CODE = YES;
				CLANG_WARN__DUPLICATE_METHOD_MATCH = YES;
				COPY_PHASE_STRIP = NO;
				DEBUG_INFORMATION_FORMAT = "dwarf-with-dsym";
				ENABLE_NS_ASSERTIONS = NO;
				ENABLE_STRICT_OBJC_MSGSEND = YES;
				GCC_C_LANGUAGE_STANDARD = gnu11;
				GCC_NO_COMMON_BLOCKS = YES;
				GCC_WARN_64_TO_32_BIT_CONVERSION = YES;
				GCC_WARN_ABOUT_RETURN_TYPE = YES_ERROR;
				GCC_WARN_UNDECLARED_SELECTOR = YES;
				GCC_WARN_UNINITIALIZED_AUTOS = YES_AGGRESSIVE;
				GCC_WARN_UNUSED_FUNCTION = YES;
				GCC_WARN_UNUSED_VARIABLE = YES;
				IPHONEOS_DEPLOYMENT_TARGET = 15.2;
				MTL_ENABLE_DEBUG_INFO = NO;
				MTL_FAST_MATH = YES;
				SDKROOT = iphoneos;
				SWIFT_COMPILATION_MODE = wholemodule;
				SWIFT_OPTIMIZATION_LEVEL = "-O";
				VALIDATE_PRODUCT = YES;
			};
			name = Release;
		};
		25A3C7CC293D66440061A435 /* Debug */ = {
			isa = XCBuildConfiguration;
			buildSettings = {
				ASSETCATALOG_COMPILER_APPICON_NAME = AppIcon;
				ASSETCATALOG_COMPILER_GLOBAL_ACCENT_COLOR_NAME = AccentColor;
				CLANG_ENABLE_MODULES = YES;
				CODE_SIGN_STYLE = Automatic;
				CURRENT_PROJECT_VERSION = 1;
				DEVELOPMENT_ASSET_PATHS = "\"Appabetical/Preview Content\"";
				DEVELOPMENT_TEAM = 92S6JX27W2;
				ENABLE_PREVIEWS = YES;
				GENERATE_INFOPLIST_FILE = YES;
				INFOPLIST_KEY_UIApplicationSceneManifest_Generation = YES;
				INFOPLIST_KEY_UIApplicationSupportsIndirectInputEvents = YES;
				INFOPLIST_KEY_UILaunchScreen_Generation = YES;
				INFOPLIST_KEY_UISupportedInterfaceOrientations = UIInterfaceOrientationPortrait;
				INFOPLIST_KEY_UISupportedInterfaceOrientations_iPad = "UIInterfaceOrientationPortrait UIInterfaceOrientationPortraitUpsideDown UIInterfaceOrientationLandscapeLeft UIInterfaceOrientationLandscapeRight";
				INFOPLIST_KEY_UISupportedInterfaceOrientations_iPhone = "UIInterfaceOrientationPortrait UIInterfaceOrientationLandscapeLeft UIInterfaceOrientationLandscapeRight";
				IPHONEOS_DEPLOYMENT_TARGET = 14.0;
				LD_RUNPATH_SEARCH_PATHS = (
					"$(inherited)",
					"@executable_path/Frameworks",
				);
				MARKETING_VERSION = 0.9;
				PRODUCT_BUNDLE_IDENTIFIER = com.avangelista.Appabetical;
				PRODUCT_NAME = "$(TARGET_NAME)";
				SWIFT_EMIT_LOC_STRINGS = YES;
				SWIFT_OBJC_BRIDGING_HEADER = "Appabetical/Appabetical-Bridging-Header.h";
				SWIFT_OPTIMIZATION_LEVEL = "-Onone";
				SWIFT_VERSION = 5.0;
				TARGETED_DEVICE_FAMILY = 1;
			};
			name = Debug;
		};
		25A3C7CD293D66440061A435 /* Release */ = {
			isa = XCBuildConfiguration;
			buildSettings = {
				ASSETCATALOG_COMPILER_APPICON_NAME = AppIcon;
				ASSETCATALOG_COMPILER_GLOBAL_ACCENT_COLOR_NAME = AccentColor;
				CLANG_ENABLE_MODULES = YES;
				CODE_SIGN_STYLE = Automatic;
				CURRENT_PROJECT_VERSION = 1;
				DEVELOPMENT_ASSET_PATHS = "\"Appabetical/Preview Content\"";
				DEVELOPMENT_TEAM = 92S6JX27W2;
				ENABLE_PREVIEWS = YES;
				GENERATE_INFOPLIST_FILE = YES;
				INFOPLIST_KEY_UIApplicationSceneManifest_Generation = YES;
				INFOPLIST_KEY_UIApplicationSupportsIndirectInputEvents = YES;
				INFOPLIST_KEY_UILaunchScreen_Generation = YES;
				INFOPLIST_KEY_UISupportedInterfaceOrientations = UIInterfaceOrientationPortrait;
				INFOPLIST_KEY_UISupportedInterfaceOrientations_iPad = "UIInterfaceOrientationPortrait UIInterfaceOrientationPortraitUpsideDown UIInterfaceOrientationLandscapeLeft UIInterfaceOrientationLandscapeRight";
				INFOPLIST_KEY_UISupportedInterfaceOrientations_iPhone = "UIInterfaceOrientationPortrait UIInterfaceOrientationLandscapeLeft UIInterfaceOrientationLandscapeRight";
				IPHONEOS_DEPLOYMENT_TARGET = 14.0;
				LD_RUNPATH_SEARCH_PATHS = (
					"$(inherited)",
					"@executable_path/Frameworks",
				);
				MARKETING_VERSION = 0.9;
				PRODUCT_BUNDLE_IDENTIFIER = com.avangelista.Appabetical;
				PRODUCT_NAME = "$(TARGET_NAME)";
				SWIFT_EMIT_LOC_STRINGS = YES;
				SWIFT_OBJC_BRIDGING_HEADER = "Appabetical/Appabetical-Bridging-Header.h";
				SWIFT_VERSION = 5.0;
				TARGETED_DEVICE_FAMILY = 1;
			};
			name = Release;
		};
/* End XCBuildConfiguration section */

/* Begin XCConfigurationList section */
		25A3C7B8293D66430061A435 /* Build configuration list for PBXProject "Appabetical" */ = {
			isa = XCConfigurationList;
			buildConfigurations = (
				25A3C7C9293D66440061A435 /* Debug */,
				25A3C7CA293D66440061A435 /* Release */,
			);
			defaultConfigurationIsVisible = 0;
			defaultConfigurationName = Release;
		};
		25A3C7CB293D66440061A435 /* Build configuration list for PBXNativeTarget "Appabetical" */ = {
			isa = XCConfigurationList;
			buildConfigurations = (
				25A3C7CC293D66440061A435 /* Debug */,
				25A3C7CD293D66440061A435 /* Release */,
			);
			defaultConfigurationIsVisible = 0;
			defaultConfigurationName = Release;
		};
/* End XCConfigurationList section */

/* Begin XCRemoteSwiftPackageReference section */
		25787CB429471C82002BA871 /* XCRemoteSwiftPackageReference "SantanderWrappers" */ = {
			isa = XCRemoteSwiftPackageReference;
			repositoryURL = "https://github.com/SerenaKit/SantanderWrappers";
			requirement = {
				branch = main;
				kind = branch;
			};
		};
/* End XCRemoteSwiftPackageReference section */

/* Begin XCSwiftPackageProductDependency section */
		25787CB529471C82002BA871 /* AssetCatalogWrapper */ = {
			isa = XCSwiftPackageProductDependency;
			package = 25787CB429471C82002BA871 /* XCRemoteSwiftPackageReference "SantanderWrappers" */;
			productName = AssetCatalogWrapper;
		};
/* End XCSwiftPackageProductDependency section */
	};
	rootObject = 25A3C7B5293D66430061A435 /* Project object */;
}
