{
  "object": {
    "pins": [
      {
        "package": "SantanderWrappers",
        "repositoryURL": "https://github.com/SerenaKit/SantanderWrappers",
        "state": {
          "branch": "main",
          "revision": "78c19b2eeba612b0fb7b13df7ab304062ee22622",
          "version": null
        }
      }
    ]
  },
  "version": 1
}
